
Microsoft Visual Studio Solution File, Format Version 12.00
# Visual Studio Version 17
VisualStudioVersion = 17.4.33103.184
MinimumVisualStudioVersion = 10.0.40219.1
Project("{FAE04EC0-301F-11D3-BF4B-00C04F79EFBC}") = "ProstaMetodaParsująca", "ProstaMetodaParsująca\ProstaMetodaParsująca.csproj", "{840D7E1B-EDD8-473F-AE7A-1D325F97091E}"
EndProject
Global
	GlobalSection(SolutionConfigurationPlatforms) = preSolution
		Debug|Any CPU = Debug|Any CPU
		Release|Any CPU = Release|Any CPU
	EndGlobalSection
	GlobalSection(ProjectConfigurationPlatforms) = postSolution
		{840D7E1B-EDD8-473F-AE7A-1D325F97091E}.Debug|Any CPU.ActiveCfg = Debug|Any CPU
		{840D7E1B-EDD8-473F-AE7A-1D325F97091E}.Debug|Any CPU.Build.0 = Debug|Any CPU
		{840D7E1B-EDD8-473F-AE7A-1D325F97091E}.Release|Any CPU.ActiveCfg = Release|Any CPU
		{840D7E1B-EDD8-473F-AE7A-1D325F97091E}.Release|Any CPU.Build.0 = Release|Any CPU
	EndGlobalSection
	GlobalSection(SolutionProperties) = preSolution
		HideSolutionNode = FALSE
	EndGlobalSection
	GlobalSection(ExtensibilityGlobals) = postSolution
		SolutionGuid = {5DFF74CA-7F3A-41A7-9897-A448FD08440A}
	EndGlobalSection
EndGlobal
